// !$*UTF8*$!
{
	archiveVersion = 1;
	classes = {
	};
	objectVersion = 55;
	objects = {

/* Begin PBXBuildFile section */
		C007CD04285917E8008517DB /* Networking.h in Headers */ = {isa = PBXBuildFile; fileRef = C007CD03285917E8008517DB /* Networking.h */; settings = {ATTRIBUTES = (Public, ); }; };
		C007CD0E28591831008517DB /* HTTPMethod.swift in Sources */ = {isa = PBXBuildFile; fileRef = C007CD0D28591831008517DB /* HTTPMethod.swift */; };
		C007CD1028591849008517DB /* NetworkError.swift in Sources */ = {isa = PBXBuildFile; fileRef = C007CD0F28591849008517DB /* NetworkError.swift */; };
		C007CD1228591863008517DB /* DataRequestProtocol.swift in Sources */ = {isa = PBXBuildFile; fileRef = C007CD1128591863008517DB /* DataRequestProtocol.swift */; };
		C007CD142859187C008517DB /* NetworkService.swift in Sources */ = {isa = PBXBuildFile; fileRef = C007CD132859187C008517DB /* NetworkService.swift */; };
		C007CD1D285918A9008517DB /* Core.framework in Frameworks */ = {isa = PBXBuildFile; fileRef = C007CD1B285918A0008517DB /* Core.framework */; platformFilter = ios; };
/* End PBXBuildFile section */

/* Begin PBXContainerItemProxy section */
		C007CD1A285918A0008517DB /* PBXContainerItemProxy */ = {
			isa = PBXContainerItemProxy;
			containerPortal = C007CD16285918A0008517DB /* Core.xcodeproj */;
			proxyType = 2;
			remoteGlobalIDString = C007CCDE2859172A008517DB;
			remoteInfo = Core;
		};
/* End PBXContainerItemProxy section */

/* Begin PBXFileReference section */
		C007CD00285917E8008517DB /* Networking.framework */ = {isa = PBXFileReference; explicitFileType = wrapper.framework; includeInIndex = 0; path = Networking.framework; sourceTree = BUILT_PRODUCTS_DIR; };
		C007CD03285917E8008517DB /* Networking.h */ = {isa = PBXFileReference; lastKnownFileType = sourcecode.c.h; path = Networking.h; sourceTree = "<group>"; };
		C007CD0D28591831008517DB /* HTTPMethod.swift */ = {isa = PBXFileReference; lastKnownFileType = sourcecode.swift; path = HTTPMethod.swift; sourceTree = "<group>"; };
		C007CD0F28591849008517DB /* NetworkError.swift */ = {isa = PBXFileReference; lastKnownFileType = sourcecode.swift; path = NetworkError.swift; sourceTree = "<group>"; };
		C007CD1128591863008517DB /* DataRequestProtocol.swift */ = {isa = PBXFileReference; lastKnownFileType = sourcecode.swift; path = DataRequestProtocol.swift; sourceTree = "<group>"; };
		C007CD132859187C008517DB /* NetworkService.swift */ = {isa = PBXFileReference; lastKnownFileType = sourcecode.swift; path = NetworkService.swift; sourceTree = "<group>"; };
		C007CD16285918A0008517DB /* Core.xcodeproj */ = {isa = PBXFileReference; lastKnownFileType = "wrapper.pb-project"; name = Core.xcodeproj; path = ../../Core/Core.xcodeproj; sourceTree = "<group>"; };
/* End PBXFileReference section */

/* Begin PBXFrameworksBuildPhase section */
		C007CCFD285917E8008517DB /* Frameworks */ = {
			isa = PBXFrameworksBuildPhase;
			buildActionMask = 2147483647;
			files = (
				C007CD1D285918A9008517DB /* Core.framework in Frameworks */,
			);
			runOnlyForDeploymentPostprocessing = 0;
		};
/* End PBXFrameworksBuildPhase section */

/* Begin PBXGroup section */
		C007CCF6285917E8008517DB = {
			isa = PBXGroup;
			children = (
				C007CD02285917E8008517DB /* Networking */,
				C007CD1528591895008517DB /* Vendor */,
				C007CD01285917E8008517DB /* Products */,
				C007CD1C285918A9008517DB /* Frameworks */,
			);
			sourceTree = "<group>";
		};
		C007CD01285917E8008517DB /* Products */ = {
			isa = PBXGroup;
			children = (
				C007CD00285917E8008517DB /* Networking.framework */,
			);
			name = Products;
			sourceTree = "<group>";
		};
		C007CD02285917E8008517DB /* Networking */ = {
			isa = PBXGroup;
			children = (
				C007CD03285917E8008517DB /* Networking.h */,
				C007CD0A28591801008517DB /* Enums */,
				C007CD0B28591808008517DB /* Request */,
				C007CD0C28591810008517DB /* Service */,
			);
			path = Networking;
			sourceTree = "<group>";
		};
		C007CD0A28591801008517DB /* Enums */ = {
			isa = PBXGroup;
			children = (
				C007CD0D28591831008517DB /* HTTPMethod.swift */,
				C007CD0F28591849008517DB /* NetworkError.swift */,
			);
			path = Enums;
			sourceTree = "<group>";
		};
		C007CD0B28591808008517DB /* Request */ = {
			isa = PBXGroup;
			children = (
				C007CD1128591863008517DB /* DataRequestProtocol.swift */,
			);
			path = Request;
			sourceTree = "<group>";
		};
		C007CD0C28591810008517DB /* Service */ = {
			isa = PBXGroup;
			children = (
				C007CD132859187C008517DB /* NetworkService.swift */,
			);
			path = Service;
			sourceTree = "<group>";
		};
		C007CD1528591895008517DB /* Vendor */ = {
			isa = PBXGroup;
			children = (
				C007CD16285918A0008517DB /* Core.xcodeproj */,
			);
			path = Vendor;
			sourceTree = "<group>";
		};
		C007CD17285918A0008517DB /* Products */ = {
			isa = PBXGroup;
			children = (
				C007CD1B285918A0008517DB /* Core.framework */,
			);
			name = Products;
			sourceTree = "<group>";
		};
		C007CD1C285918A9008517DB /* Frameworks */ = {
			isa = PBXGroup;
			children = (
			);
			name = Frameworks;
			sourceTree = "<group>";
		};
/* End PBXGroup section */

/* Begin PBXHeadersBuildPhase section */
		C007CCFB285917E8008517DB /* Headers */ = {
			isa = PBXHeadersBuildPhase;
			buildActionMask = 2147483647;
			files = (
				C007CD04285917E8008517DB /* Networking.h in Headers */,
			);
			runOnlyForDeploymentPostprocessing = 0;
		};
/* End PBXHeadersBuildPhase section */

/* Begin PBXNativeTarget section */
		C007CCFF285917E8008517DB /* Networking */ = {
			isa = PBXNativeTarget;
			buildConfigurationList = C007CD07285917E8008517DB /* Build configuration list for PBXNativeTarget "Networking" */;
			buildPhases = (
				C007CCFB285917E8008517DB /* Headers */,
				C007CCFC285917E8008517DB /* Sources */,
				C007CCFD285917E8008517DB /* Frameworks */,
				C007CCFE285917E8008517DB /* Resources */,
			);
			buildRules = (
			);
			dependencies = (
			);
			name = Networking;
			productName = Networking;
			productReference = C007CD00285917E8008517DB /* Networking.framework */;
			productType = "com.apple.product-type.framework";
		};
/* End PBXNativeTarget section */

/* Begin PBXProject section */
		C007CCF7285917E8008517DB /* Project object */ = {
			isa = PBXProject;
			attributes = {
				BuildIndependentTargetsInParallel = 1;
				LastUpgradeCheck = 1300;
				TargetAttributes = {
					C007CCFF285917E8008517DB = {
						CreatedOnToolsVersion = 13.0;
						LastSwiftMigration = 1300;
					};
				};
			};
			buildConfigurationList = C007CCFA285917E8008517DB /* Build configuration list for PBXProject "Networking" */;
			compatibilityVersion = "Xcode 13.0";
			developmentRegion = en;
			hasScannedForEncodings = 0;
			knownRegions = (
				en,
				Base,
			);
			mainGroup = C007CCF6285917E8008517DB;
			productRefGroup = C007CD01285917E8008517DB /* Products */;
			projectDirPath = "";
			projectReferences = (
				{
					ProductGroup = C007CD17285918A0008517DB /* Products */;
					ProjectRef = C007CD16285918A0008517DB /* Core.xcodeproj */;
				},
			);
			projectRoot = "";
			targets = (
				C007CCFF285917E8008517DB /* Networking */,
			);
		};
/* End PBXProject section */

/* Begin PBXReferenceProxy section */
		C007CD1B285918A0008517DB /* Core.framework */ = {
			isa = PBXReferenceProxy;
			fileType = wrapper.framework;
			path = Core.framework;
			remoteRef = C007CD1A285918A0008517DB /* PBXContainerItemProxy */;
			sourceTree = BUILT_PRODUCTS_DIR;
		};
/* End PBXReferenceProxy section */

/* Begin PBXResourcesBuildPhase section */
		C007CCFE285917E8008517DB /* Resources */ = {
			isa = PBXResourcesBuildPhase;
			buildActionMask = 2147483647;
			files = (
			);
			runOnlyForDeploymentPostprocessing = 0;
		};
/* End PBXResourcesBuildPhase section */

/* Begin PBXSourcesBuildPhase section */
		C007CCFC285917E8008517DB /* Sources */ = {
			isa = PBXSourcesBuildPhase;
			buildActionMask = 2147483647;
			files = (
				C007CD0E28591831008517DB /* HTTPMethod.swift in Sources */,
				C007CD1028591849008517DB /* NetworkError.swift in Sources */,
				C007CD142859187C008517DB /* NetworkService.swift in Sources */,
				C007CD1228591863008517DB /* DataRequestProtocol.swift in Sources */,
			);
			runOnlyForDeploymentPostprocessing = 0;
		};
/* End PBXSourcesBuildPhase section */

/* Begin XCBuildConfiguration section */
		C007CD05285917E8008517DB /* Debug */ = {
			isa = XCBuildConfiguration;
			buildSettings = {
				ALWAYS_SEARCH_USER_PATHS = NO;
				CLANG_ANALYZER_NONNULL = YES;
				CLANG_ANALYZER_NUMBER_OBJECT_CONVERSION = YES_AGGRESSIVE;
				CLANG_CXX_LANGUAGE_STANDARD = "gnu++17";
				CLANG_CXX_LIBRARY = "libc++";
				CLANG_ENABLE_MODULES = YES;
				CLANG_ENABLE_OBJC_ARC = YES;
				CLANG_ENABLE_OBJC_WEAK = YES;
				CLANG_WARN_BLOCK_CAPTURE_AUTORELEASING = YES;
				CLANG_WARN_BOOL_CONVERSION = YES;
				CLANG_WARN_COMMA = YES;
				CLANG_WARN_CONSTANT_CONVERSION = YES;
				CLANG_WARN_DEPRECATED_OBJC_IMPLEMENTATIONS = YES;
				CLANG_WARN_DIRECT_OBJC_ISA_USAGE = YES_ERROR;
				CLANG_WARN_DOCUMENTATION_COMMENTS = YES;
				CLANG_WARN_EMPTY_BODY = YES;
				CLANG_WARN_ENUM_CONVERSION = YES;
				CLANG_WARN_INFINITE_RECURSION = YES;
				CLANG_WARN_INT_CONVERSION = YES;
				CLANG_WARN_NON_LITERAL_NULL_CONVERSION = YES;
				CLANG_WARN_OBJC_IMPLICIT_RETAIN_SELF = YES;
				CLANG_WARN_OBJC_LITERAL_CONVERSION = YES;
				CLANG_WARN_OBJC_ROOT_CLASS = YES_ERROR;
				CLANG_WARN_QUOTED_INCLUDE_IN_FRAMEWORK_HEADER = YES;
				CLANG_WARN_RANGE_LOOP_ANALYSIS = YES;
				CLANG_WARN_STRICT_PROTOTYPES = YES;
				CLANG_WARN_SUSPICIOUS_MOVE = YES;
				CLANG_WARN_UNGUARDED_AVAILABILITY = YES_AGGRESSIVE;
				CLANG_WARN_UNREACHABLE_CODE = YES;
				CLANG_WARN__DUPLICATE_METHOD_MATCH = YES;
				COPY_PHASE_STRIP = NO;
				CURRENT_PROJECT_VERSION = 1;
				DEBUG_INFORMATION_FORMAT = dwarf;
				ENABLE_STRICT_OBJC_MSGSEND = YES;
				ENABLE_TESTABILITY = YES;
				GCC_C_LANGUAGE_STANDARD = gnu11;
				GCC_DYNAMIC_NO_PIC = NO;
				GCC_NO_COMMON_BLOCKS = YES;
				GCC_OPTIMIZATION_LEVEL = 0;
				GCC_PREPROCESSOR_DEFINITIONS = (
					"DEBUG=1",
					"$(inherited)",
				);
				GCC_WARN_64_TO_32_BIT_CONVERSION = YES;
				GCC_WARN_ABOUT_RETURN_TYPE = YES_ERROR;
				GCC_WARN_UNDECLARED_SELECTOR = YES;
				GCC_WARN_UNINITIALIZED_AUTOS = YES_AGGRESSIVE;
				GCC_WARN_UNUSED_FUNCTION = YES;
				GCC_WARN_UNUSED_VARIABLE = YES;
				IPHONEOS_DEPLOYMENT_TARGET = 15.0;
				MTL_ENABLE_DEBUG_INFO = INCLUDE_SOURCE;
				MTL_FAST_MATH = YES;
				ONLY_ACTIVE_ARCH = YES;
				SDKROOT = iphoneos;
				SWIFT_ACTIVE_COMPILATION_CONDITIONS = DEBUG;
				SWIFT_OPTIMIZATION_LEVEL = "-Onone";
				VERSIONING_SYSTEM = "apple-generic";
				VERSION_INFO_PREFIX = "";
			};
			name = Debug;
		};
		C007CD06285917E8008517DB /* Release */ = {
			isa = XCBuildConfiguration;
			buildSettings = {
				ALWAYS_SEARCH_USER_PATHS = NO;
				CLANG_ANALYZER_NONNULL = YES;
				CLANG_ANALYZER_NUMBER_OBJECT_CONVERSION = YES_AGGRESSIVE;
				CLANG_CXX_LANGUAGE_STANDARD = "gnu++17";
				CLANG_CXX_LIBRARY = "libc++";
				CLANG_ENABLE_MODULES = YES;
				CLANG_ENABLE_OBJC_ARC = YES;
				CLANG_ENABLE_OBJC_WEAK = YES;
				CLANG_WARN_BLOCK_CAPTURE_AUTORELEASING = YES;
				CLANG_WARN_BOOL_CONVERSION = YES;
				CLANG_WARN_COMMA = YES;
				CLANG_WARN_CONSTANT_CONVERSION = YES;
				CLANG_WARN_DEPRECATED_OBJC_IMPLEMENTATIONS = YES;
				CLANG_WARN_DIRECT_OBJC_ISA_USAGE = YES_ERROR;
				CLANG_WARN_DOCUMENTATION_COMMENTS = YES;
				CLANG_WARN_EMPTY_BODY = YES;
				CLANG_WARN_ENUM_CONVERSION = YES;
				CLANG_WARN_INFINITE_RECURSION = YES;
				CLANG_WARN_INT_CONVERSION = YES;
				CLANG_WARN_NON_LITERAL_NULL_CONVERSION = YES;
				CLANG_WARN_OBJC_IMPLICIT_RETAIN_SELF = YES;
				CLANG_WARN_OBJC_LITERAL_CONVERSION = YES;
				CLANG_WARN_OBJC_ROOT_CLASS = YES_ERROR;
				CLANG_WARN_QUOTED_INCLUDE_IN_FRAMEWORK_HEADER = YES;
				CLANG_WARN_RANGE_LOOP_ANALYSIS = YES;
				CLANG_WARN_STRICT_PROTOTYPES = YES;
				CLANG_WARN_SUSPICIOUS_MOVE = YES;
				CLANG_WARN_UNGUARDED_AVAILABILITY = YES_AGGRESSIVE;
				CLANG_WARN_UNREACHABLE_CODE = YES;
				CLANG_WARN__DUPLICATE_METHOD_MATCH = YES;
				COPY_PHASE_STRIP = NO;
				CURRENT_PROJECT_VERSION = 1;
				DEBUG_INFORMATION_FORMAT = "dwarf-with-dsym";
				ENABLE_NS_ASSERTIONS = NO;
				ENABLE_STRICT_OBJC_MSGSEND = YES;
				GCC_C_LANGUAGE_STANDARD = gnu11;
				GCC_NO_COMMON_BLOCKS = YES;
				GCC_WARN_64_TO_32_BIT_CONVERSION = YES;
				GCC_WARN_ABOUT_RETURN_TYPE = YES_ERROR;
				GCC_WARN_UNDECLARED_SELECTOR = YES;
				GCC_WARN_UNINITIALIZED_AUTOS = YES_AGGRESSIVE;
				GCC_WARN_UNUSED_FUNCTION = YES;
				GCC_WARN_UNUSED_VARIABLE = YES;
				IPHONEOS_DEPLOYMENT_TARGET = 15.0;
				MTL_ENABLE_DEBUG_INFO = NO;
				MTL_FAST_MATH = YES;
				SDKROOT = iphoneos;
				SWIFT_COMPILATION_MODE = wholemodule;
				SWIFT_OPTIMIZATION_LEVEL = "-O";
				VALIDATE_PRODUCT = YES;
				VERSIONING_SYSTEM = "apple-generic";
				VERSION_INFO_PREFIX = "";
			};
			name = Release;
		};
		C007CD08285917E8008517DB /* Debug */ = {
			isa = XCBuildConfiguration;
			buildSettings = {
				CLANG_ENABLE_MODULES = YES;
				CODE_SIGN_STYLE = Automatic;
				CURRENT_PROJECT_VERSION = 1;
				DEFINES_MODULE = YES;
				DEVELOPMENT_TEAM = 3WPTWPU2W5;
				DYLIB_COMPATIBILITY_VERSION = 1;
				DYLIB_CURRENT_VERSION = 1;
				DYLIB_INSTALL_NAME_BASE = "@rpath";
				GENERATE_INFOPLIST_FILE = YES;
				INFOPLIST_KEY_NSHumanReadableCopyright = "";
				INSTALL_PATH = "$(LOCAL_LIBRARY_DIR)/Frameworks";
				LD_RUNPATH_SEARCH_PATHS = (
					"$(inherited)",
					"@executable_path/Frameworks",
					"@loader_path/Frameworks",
				);
				MARKETING_VERSION = 1.0;
				PRODUCT_BUNDLE_IDENTIFIER = gokhandidin.Networking;
				PRODUCT_NAME = "$(TARGET_NAME:c99extidentifier)";
				SKIP_INSTALL = YES;
				SUPPORTS_MACCATALYST = NO;
				SWIFT_EMIT_LOC_STRINGS = YES;
				SWIFT_OPTIMIZATION_LEVEL = "-Onone";
				SWIFT_VERSION = 5.0;
				TARGETED_DEVICE_FAMILY = 1;
			};
			name = Debug;
		};
		C007CD09285917E8008517DB /* Release */ = {
			isa = XCBuildConfiguration;
			buildSettings = {
				CLANG_ENABLE_MODULES = YES;
				CODE_SIGN_STYLE = Automatic;
				CURRENT_PROJECT_VERSION = 1;
				DEFINES_MODULE = YES;
				DEVELOPMENT_TEAM = 3WPTWPU2W5;
				DYLIB_COMPATIBILITY_VERSION = 1;
				DYLIB_CURRENT_VERSION = 1;
				DYLIB_INSTALL_NAME_BASE = "@rpath";
				GENERATE_INFOPLIST_FILE = YES;
				INFOPLIST_KEY_NSHumanReadableCopyright = "";
				INSTALL_PATH = "$(LOCAL_LIBRARY_DIR)/Frameworks";
				LD_RUNPATH_SEARCH_PATHS = (
					"$(inherited)",
					"@executable_path/Frameworks",
					"@loader_path/Frameworks",
				);
				MARKETING_VERSION = 1.0;
				PRODUCT_BUNDLE_IDENTIFIER = gokhandidin.Networking;
				PRODUCT_NAME = "$(TARGET_NAME:c99extidentifier)";
				SKIP_INSTALL = YES;
				SUPPORTS_MACCATALYST = NO;
				SWIFT_EMIT_LOC_STRINGS = YES;
				SWIFT_VERSION = 5.0;
				TARGETED_DEVICE_FAMILY = 1;
			};
			name = Release;
		};
/* End XCBuildConfiguration section */

/* Begin XCConfigurationList section */
		C007CCFA285917E8008517DB /* Build configuration list for PBXProject "Networking" */ = {
			isa = XCConfigurationList;
			buildConfigurations = (
				C007CD05285917E8008517DB /* Debug */,
				C007CD06285917E8008517DB /* Release */,
			);
			defaultConfigurationIsVisible = 0;
			defaultConfigurationName = Release;
		};
		C007CD07285917E8008517DB /* Build configuration list for PBXNativeTarget "Networking" */ = {
			isa = XCConfigurationList;
			buildConfigurations = (
				C007CD08285917E8008517DB /* Debug */,
				C007CD09285917E8008517DB /* Release */,
			);
			defaultConfigurationIsVisible = 0;
			defaultConfigurationName = Release;
		};
/* End XCConfigurationList section */
	};
	rootObject = C007CCF7285917E8008517DB /* Project object */;
}
